# This file is generated by running "yarn install" inside your project.
# Manual changes might be lost - proceed with caution!

__metadata:
  version: 6
  cacheKey: 8

"@isaacs/fs-minipass@npm:^4.0.0":
  version: 4.0.1
  resolution: "@isaacs/fs-minipass@npm:4.0.1"
  dependencies:
    minipass: ^7.0.4
  checksum: 5d36d289960e886484362d9eb6a51d1ea28baed5f5d0140bbe62b99bac52eaf06cc01c2bc0d3575977962f84f6b2c4387b043ee632216643d4787b0999465bf2
  languageName: node
  linkType: hard

"@playwright/test@npm:^1.50.1":
  version: 1.60.0
  resolution: "@playwright/test@npm:1.60.0"
  dependencies:
    playwright: 1.60.0
  bin:
    playwright: cli.js
  checksum: 29176a1fcf016a06299353f01de7f35817d78731294bfca62bfa44f18e2ad3a9b5f8a8480cf55046b597ee28c5c5340a4dd03a268f8fb853522ddd96a437204a
  languageName: node
  linkType: hard

"abbrev@npm:^4.0.0":
  version: 4.0.0
  resolution: "abbrev@npm:4.0.0"
  checksum: d0344b63d28e763f259b4898c41bdc92c08e9d06d0da5617d0bbe4d78244e46daea88c510a2f9472af59b031d9060ec1a999653144e793fd029a59dae2f56dc8
  languageName: node
  linkType: hard

"chownr@npm:^3.0.0":
  version: 3.0.0
  resolution: "chownr@npm:3.0.0"
  checksum: fd73a4bab48b79e66903fe1cafbdc208956f41ea4f856df883d0c7277b7ab29fd33ee65f93b2ec9192fc0169238f2f8307b7735d27c155821d886b84aa97aa8d
  languageName: node
  linkType: hard

"env-paths@npm:^2.2.0":
  version: 2.2.1
  resolution: "env-paths@npm:2.2.1"
  checksum: 65b5df55a8bab92229ab2b40dad3b387fad24613263d103a97f91c9fe43ceb21965cd3392b1ccb5d77088021e525c4e0481adb309625d0cb94ade1d1fb8dc17e
  languageName: node
  linkType: hard

"exponential-backoff@npm:^3.1.1":
  version: 3.1.3
  resolution: "exponential-backoff@npm:3.1.3"
  checksum: 471fdb70fd3d2c08a74a026973bdd4105b7832911f610ca67bbb74e39279411c1eed2f2a110c9d41c2edd89459ba58fdaba1c174beed73e7a42d773882dcff82
  languageName: node
  linkType: hard

"fdir@npm:^6.5.0":
  version: 6.5.0
  resolution: "fdir@npm:6.5.0"
  peerDependencies:
    picomatch: ^3 || ^4
  peerDependenciesMeta:
    picomatch:
      optional: true
  checksum: bd537daa9d3cd53887eed35efa0eab2dbb1ca408790e10e024120e7a36c6e9ae2b33710cb8381e35def01bc9c1d7eaba746f886338413e68ff6ebaee07b9a6e8
  languageName: node
  linkType: hard

"fsevents@npm:2.3.2":
  version: 2.3.2
  resolution: "fsevents@npm:2.3.2"
  dependencies:
    node-gyp: latest
  checksum: 97ade64e75091afee5265e6956cb72ba34db7819b4c3e94c431d4be2b19b8bb7a2d4116da417950c3425f17c8fe693d25e20212cac583ac1521ad066b77ae31f
  conditions: os=darwin
  languageName: node
  linkType: hard

"fsevents@patch:fsevents@2.3.2#~builtin<compat/fsevents>":
  version: 2.3.2
  resolution: "fsevents@patch:fsevents@npm%3A2.3.2#~builtin<compat/fsevents>::version=2.3.2&hash=df0bf1"
  dependencies:
    node-gyp: latest
  conditions: os=darwin
  languageName: node
  linkType: hard

"graceful-fs@npm:^4.2.6":
  version: 4.2.11
  resolution: "graceful-fs@npm:4.2.11"
  checksum: ac85f94da92d8eb6b7f5a8b20ce65e43d66761c55ce85ac96df6865308390da45a8d3f0296dd3a663de65d30ba497bd46c696cc1e248c72b13d6d567138a4fc7
  languageName: node
  linkType: hard

"isexe@npm:^4.0.0":
  version: 4.0.0
  resolution: "isexe@npm:4.0.0"
  checksum: 2ead327ef596042ef9c9ec5f236b316acfaedb87f4bb61b3c3d574fb2e9c8a04b67305e04733bde52c24d9622fdebd3270aadb632adfbf9cadef88fe30f479e5
  languageName: node
  linkType: hard

"jupyter-plainb-ui-tests@workspace:.":
  version: 0.0.0-use.local
  resolution: "jupyter-plainb-ui-tests@workspace:."
  dependencies:
    "@playwright/test": ^1.50.1
  languageName: unknown
  linkType: soft

"minipass@npm:^7.0.4, minipass@npm:^7.1.2":
  version: 7.1.3
  resolution: "minipass@npm:7.1.3"
  checksum: 2ede17c0bf8fec499be3360fd07f0ec7666189e3907320a9b653f1530cf84af98928c5b12d80bfb75f321833bf2e97785b940540213ebdafe97a5f10327e664d
  languageName: node
  linkType: hard

"minizlib@npm:^3.1.0":
  version: 3.1.0
  resolution: "minizlib@npm:3.1.0"
  dependencies:
    minipass: ^7.1.2
  checksum: a15e6f0128f514b7d41a1c68ce531155447f4669e32d279bba1c1c071ef6c2abd7e4d4579bb59ccc2ed1531346749665968fdd7be8d83eb6b6ae2fe1f3d370a7
  languageName: node
  linkType: hard

"node-gyp@npm:latest":
  version: 12.4.0
  resolution: "node-gyp@npm:12.4.0"
  dependencies:
    env-paths: ^2.2.0
    exponential-backoff: ^3.1.1
    graceful-fs: ^4.2.6
    nopt: ^9.0.0
    proc-log: ^6.0.0
    semver: ^7.3.5
    tar: ^7.5.4
    tinyglobby: ^0.2.12
    undici: ^6.25.0
    which: ^6.0.0
  bin:
    node-gyp: bin/node-gyp.js
  checksum: a696e8bf74e83126569b2b7a4deec1065e24dc8c6af84fe77e4211712dddf5b3052c1c98b01013fefda73f0191d1ab87bc2171c832edd34a0fcc6d111dc6f176
  languageName: node
  linkType: hard
a
"nopt@npm:^9.0.0":
  version: 9.0.0
  resolution: "nopt@npm:9.0.0"
  dependencies:
    abbrev: ^4.0.0
  bin:
    nopt: bin/nopt.js
  checksum: 7a5d9ab0629eaec1944a95438cc4efa6418ed2834aa8eb21a1bea579a7d8ac3e30120131855376a96ef59ab0e23ad8e0bc94d3349770a95e5cb7119339f7c7fb
  languageName: node
  linkType: hard

"picomatch@npm:^4.0.4":
  version: 4.0.4
  resolution: "picomatch@npm:4.0.4"
  checksum: 76b387b5157951422fa6049a96bdd1695e39dd126cd99df34d343638dc5cdb8bcdc83fff288c23eddcf7c26657c35e3173d4d5f488c4f28b889b314472e0a662
  languageName: node
  linkType: hard

"playwright-core@npm:1.60.0":
  version: 1.60.0
  resolution: "playwright-core@npm:1.60.0"
  bin:
    playwright-core: cli.js
  checksum: 8afc6ce9b3fc2f17ebbc671555b1d982a6e1b554c9215ba92d843e9ced8ebdd66c25996debcf1773c15b449c5fa8a42e6bc8ec0b1d96c5b5b759214c3a54c80f
  languageName: node
  linkType: hard

"playwright@npm:1.60.0":
  version: 1.60.0
  resolution: "playwright@npm:1.60.0"
  dependencies:
    fsevents: 2.3.2
    playwright-core: 1.60.0
  dependenciesMeta:
    fsevents:
      optional: true
  bin:
    playwright: cli.js
  checksum: 07b893cfe34fed7039910f6bb9ecabac29888578b42ea54026815c3642989efdf9b9480184ce097c6f49cade3e8addcb026afcaf58800b639dc572ed3487ee42
  languageName: node
  linkType: hard

"proc-log@npm:^6.0.0":
  version: 6.1.0
  resolution: "proc-log@npm:6.1.0"
  checksum: ac450ff8244e95b0c9935b52d629fef92ae69b7e39aea19972a8234259614d644402dd62ce9cb094f4a637d8a4514cba90c1456ad785a40ad5b64d502875a817
  languageName: node
  linkType: hard

"semver@npm:^7.3.5":
  version: 7.8.4
  resolution: "semver@npm:7.8.4"
  bin:
    semver: bin/semver.js
  checksum: 42404642f4b892bd95859c6e2c5777a2916d6e4f0d924441593dea0911cadf5d8761d41b4ca3701793818ecdc72982df5c6d6328cba88252a1f0ebf93e375463
  languageName: node
  linkType: hard

"tar@npm:^7.5.4":
  version: 7.5.16
  resolution: "tar@npm:7.5.16"
  dependencies:
    "@isaacs/fs-minipass": ^4.0.0
    chownr: ^3.0.0
    minipass: ^7.1.2
    minizlib: ^3.1.0
    yallist: ^5.0.0
  checksum: 9b7f886f5ce8681a7430f80b9b377bfa498e6feb957b9afe6507db08e59d309f8546b7f76a0c2e47bdb54da4602575a5c7519e287fe94de8302e635032fc94f1
  languageName: node
  linkType: hard

"tinyglobby@npm:^0.2.12":
  version: 0.2.17
  resolution: "tinyglobby@npm:0.2.17"
  dependencies:
    fdir: ^6.5.0
    picomatch: ^4.0.4
  checksum: 041e73eae568152c376551b21b8a27909d474166a8f405cdb0345991c50cf6afd0f878d7a387645d9c05d8ea2c9a55cc2fd2cfe6c5d5a5264770972b1adcad86
  languageName: node
  linkType: hard

"undici@npm:^6.25.0":
  version: 6.26.0
  resolution: "undici@npm:6.26.0"
  checksum: 1204e412802afe171cf4ca299bdf99141c8633d673c352a06b0445d803697237c07c18dcddaeb6c0e37befcf1460f1621ab4221cfe51e5e09e1dfc6a37d9a665
  languageName: node
  linkType: hard

"which@npm:^6.0.0":
  version: 6.0.1
  resolution: "which@npm:6.0.1"
  dependencies:
    isexe: ^4.0.0
  bin:
    node-which: bin/which.js
  checksum: dbea77c7d3058bf6c78bf9659d2dce4d2b57d39a15b826b2af6ac2e5a219b99dc8a831b79fdbc453c0598adb4f3f84cf9c2491fd52beb9f5d2dececcad117f68
  languageName: node
  linkType: hard

"yallist@npm:^5.0.0":
  version: 5.0.0
  resolution: "yallist@npm:5.0.0"
  checksum: eba51182400b9f35b017daa7f419f434424410691bbc5de4f4240cc830fdef906b504424992700dc047f16b4d99100a6f8b8b11175c193f38008e9c96322b6a5
  languageName: node
  linkType: hard
